<Solution>
  <Folder Name="/src/">
    <Project Path="src/SimpleLoanCalculator.App/SimpleLoanCalculator.App.csproj" />
    <Project Path="src/SimpleLoanCalculator.Core/SimpleLoanCalculator.Core.csproj" />
  </Folder>
  <Folder Name="/tests/">
    <Project Path="tests/SimpleLoanCalculator.Core.Tests/SimpleLoanCalculator.Core.Tests.csproj" />
  </Folder>
</Solution>
